// !$*UTF8*$!
{
	archiveVersion = 1;
	classes = {
	};
	objectVersion = 46;
	objects = {

/* Begin PBXBuildFile section */
		AD4E24911DF62E8400DFAFBF /* AppDelegate.swift in Sources */ = {isa = PBXBuildFile; fileRef = AD4E24901DF62E8400DFAFBF /* AppDelegate.swift */; };
		AD4E24931DF62E8400DFAFBF /* ViewController.swift in Sources */ = {isa = PBXBuildFile; fileRef = AD4E24921DF62E8400DFAFBF /* ViewController.swift */; };
		AD4E24961DF62E8400DFAFBF /* Main.storyboard in Resources */ = {isa = PBXBuildFile; fileRef = AD4E24941DF62E8400DFAFBF /* Main.storyboard */; };
		AD4E24981DF62E8400DFAFBF /* Assets.xcassets in Resources */ = {isa = PBXBuildFile; fileRef = AD4E24971DF62E8400DFAFBF /* Assets.xcassets */; };
		AD4E249B1DF62E8400DFAFBF /* LaunchScreen.storyboard in Resources */ = {isa = PBXBuildFile; fileRef = AD4E24991DF62E8400DFAFBF /* LaunchScreen.storyboard */; };
/* End PBXBuildFile section */

/* Begin PBXFileReference section */
		AD4E248D1DF62E8400DFAFBF /* SaveTheKittens.app */ = {isa = PBXFileReference; explicitFileType = wrapper.application; includeInIndex = 0; path = SaveTheKittens.app; sourceTree = BUILT_PRODUCTS_DIR; };
		AD4E24901DF62E8400DFAFBF /* AppDelegate.swift */ = {isa = PBXFileReference; lastKnownFileType = sourcecode.swift; path = AppDelegate.swift; sourceTree = "<group>"; };
		AD4E24921DF62E8400DFAFBF /* ViewController.swift */ = {isa = PBXFileReference; lastKnownFileType = sourcecode.swift; path = ViewController.swift; sourceTree = "<group>"; };
		AD4E24951DF62E8400DFAFBF /* Base */ = {isa = PBXFileReference; lastKnownFileType = file.storyboard; name = Base; path = Base.lproj/Main.storyboard; sourceTree = "<group>"; };
		AD4E24971DF62E8400DFAFBF /* Assets.xcassets */ = {isa = PBXFileReference; lastKnownFileType = folder.assetcatalog; path = Assets.xcassets; sourceTree = "<group>"; };
		AD4E249A1DF62E8400DFAFBF /* Base */ = {isa = PBXFileReference; lastKnownFileType = file.storyboard; name = Base; path = Base.lproj/LaunchScreen.storyboard; sourceTree = "<group>"; };
		AD4E249C1DF62E8400DFAFBF /* Info.plist */ = {isa = PBXFileReference; lastKnownFileType = text.plist.xml; path = Info.plist; sourceTree = "<group>"; };
/* End PBXFileReference section */

/* Begin PBXFrameworksBuildPhase section */
		AD4E248A1DF62E8400DFAFBF /* Frameworks */ = {
			isa = PBXFrameworksBuildPhase;
			buildActionMask = 2147483647;
			files = (
			);
			runOnlyForDeploymentPostprocessing = 0;
		};
/* End PBXFrameworksBuildPhase section */

/* Begin PBXGroup section */
		AD4E24841DF62E8400DFAFBF = {
			isa = PBXGroup;
			children = (
				AD4E248F1DF62E8400DFAFBF /* SaveTheKittens */,
				AD4E248E1DF62E8400DFAFBF /* Products */,
			);
			sourceTree = "<group>";
		};
		AD4E248E1DF62E8400DFAFBF /* Products */ = {
			isa = PBXGroup;
			children = (
				AD4E248D1DF62E8400DFAFBF /* SaveTheKittens.app */,
			);
			name = Products;
			sourceTree = "<group>";
		};
		AD4E248F1DF62E8400DFAFBF /* SaveTheKittens */ = {
			isa = PBXGroup;
			children = (
				AD4E24901DF62E8400DFAFBF /* AppDelegate.swift */,
				AD4E24921DF62E8400DFAFBF /* ViewController.swift */,
				AD4E24941DF62E8400DFAFBF /* Main.storyboard */,
				AD4E24971DF62E8400DFAFBF /* Assets.xcassets */,
				AD4E24991DF62E8400DFAFBF /* LaunchScreen.storyboard */,
				AD4E249C1DF62E8400DFAFBF /* Info.plist */,
			);
			path = SaveTheKittens;
			sourceTree = "<group>";
		};
/* End PBXGroup section */

/* Begin PBXNativeTarget section */
		AD4E248C1DF62E8400DFAFBF /* SaveTheKittens */ = {
			isa = PBXNativeTarget;
			buildConfigurationList = AD4E249F1DF62E8400DFAFBF /* Build configuration list for PBXNativeTarget "SaveTheKittens" */;
			buildPhases = (
				AD4E24891DF62E8400DFAFBF /* Sources */,
				AD4E248A1DF62E8400DFAFBF /* Frameworks */,
				AD4E248B1DF62E8400DFAFBF /* Resources */,
			);
			buildRules = (
			);
			dependencies = (
			);
			name = SaveTheKittens;
			productName = SaveTheKittens;
			productReference = AD4E248D1DF62E8400DFAFBF /* SaveTheKittens.app */;
			productType = "com.apple.product-type.application";
		};
/* End PBXNativeTarget section */

/* Begin PBXProject section */
		AD4E24851DF62E8400DFAFBF /* Project object */ = {
			isa = PBXProject;
			attributes = {
				LastSwiftUpdateCheck = 0810;
				LastUpgradeCheck = 0810;
				ORGANIZATIONNAME = v4nn1;
				TargetAttributes = {
					AD4E248C1DF62E8400DFAFBF = {
						CreatedOnToolsVersion = 8.1;
						DevelopmentTeam = 65ZG85MDA4;
						ProvisioningStyle = Automatic;
					};
				};
			};
			buildConfigurationList = AD4E24881DF62E8400DFAFBF /* Build configuration list for PBXProject "SaveTheKittens" */;
			compatibilityVersion = "Xcode 3.2";
			developmentRegion = English;
			hasScannedForEncodings = 0;
			knownRegions = (
				en,
				Base,
			);
			mainGroup = AD4E24841DF62E8400DFAFBF;
			productRefGroup = AD4E248E1DF62E8400DFAFBF /* Products */;
			projectDirPath = "";
			projectRoot = "";
			targets = (
				AD4E248C1DF62E8400DFAFBF /* SaveTheKittens */,
			);
		};
/* End PBXProject section */

/* Begin PBXResourcesBuildPhase section */
		AD4E248B1DF62E8400DFAFBF /* Resources */ = {
			isa = PBXResourcesBuildPhase;
			buildActionMask = 2147483647;
			files = (
				AD4E249B1DF62E8400DFAFBF /* LaunchScreen.storyboard in Resources */,
				AD4E24981DF62E8400DFAFBF /* Assets.xcassets in Resources */,
				AD4E24961DF62E8400DFAFBF /* Main.storyboard in Resources */,
			);
			runOnlyForDeploymentPostprocessing = 0;
		};
/* End PBXResourcesBuildPhase section */

/* Begin PBXSourcesBuildPhase section */
		AD4E24891DF62E8400DFAFBF /* Sources */ = {
			isa = PBXSourcesBuildPhase;
			buildActionMask = 2147483647;
			files = (
				AD4E24931DF62E8400DFAFBF /* ViewController.swift in Sources */,
				AD4E24911DF62E8400DFAFBF /* AppDelegate.swift in Sources */,
			);
			runOnlyForDeploymentPostprocessing = 0;
		};
/* End PBXSourcesBuildPhase section */

/* Begin PBXVariantGroup section */
		AD4E24941DF62E8400DFAFBF /* Main.storyboard */ = {
			isa = PBXVariantGroup;
			children = (
				AD4E24951DF62E8400DFAFBF /* Base */,
			);
			name = Main.storyboard;
			sourceTree = "<group>";
		};
		AD4E24991DF62E8400DFAFBF /* LaunchScreen.storyboard */ = {
			isa = PBXVariantGroup;
			children = (
				AD4E249A1DF62E8400DFAFBF /* Base */,
			);
			name = LaunchScreen.storyboard;
			sourceTree = "<group>";
		};
/* End PBXVariantGroup section */

/* Begin XCBuildConfiguration section */
		AD4E249D1DF62E8400DFAFBF /* Debug */ = {
			isa = XCBuildConfiguration;
			buildSettings = {
				ALWAYS_SEARCH_USER_PATHS = NO;
				CLANG_ANALYZER_NONNULL = YES;
				CLANG_CXX_LANGUAGE_STANDARD = "gnu++0x";
				CLANG_CXX_LIBRARY = "libc++";
				CLANG_ENABLE_MODULES = YES;
				CLANG_ENABLE_OBJC_ARC = YES;
				CLANG_WARN_BOOL_CONVERSION = YES;
				CLANG_WARN_CONSTANT_CONVERSION = YES;
				CLANG_WARN_DIRECT_OBJC_ISA_USAGE = YES_ERROR;
				CLANG_WARN_DOCUMENTATION_COMMENTS = YES;
				CLANG_WARN_EMPTY_BODY = YES;
				CLANG_WARN_ENUM_CONVERSION = YES;
				CLANG_WARN_INFINITE_RECURSION = YES;
				CLANG_WARN_INT_CONVERSION = YES;
				CLANG_WARN_OBJC_ROOT_CLASS = YES_ERROR;
				CLANG_WARN_SUSPICIOUS_MOVES = YES;
				CLANG_WARN_UNREACHABLE_CODE = YES;
				CLANG_WARN__DUPLICATE_METHOD_MATCH = YES;
				"CODE_SIGN_IDENTITY[sdk=iphoneos*]" = "iPhone Developer";
				COPY_PHASE_STRIP = NO;
				DEBUG_INFORMATION_FORMAT = dwarf;
				ENABLE_STRICT_OBJC_MSGSEND = YES;
				ENABLE_TESTABILITY = YES;
				GCC_C_LANGUAGE_STANDARD = gnu99;
				GCC_DYNAMIC_NO_PIC = NO;
				GCC_NO_COMMON_BLOCKS = YES;
				GCC_OPTIMIZATION_LEVEL = 0;
				GCC_PREPROCESSOR_DEFINITIONS = (
					"DEBUG=1",
					"$(inherited)",
				);
				GCC_WARN_64_TO_32_BIT_CONVERSION = YES;
				GCC_WARN_ABOUT_RETURN_TYPE = YES_ERROR;
				GCC_WARN_UNDECLARED_SELECTOR = YES;
				GCC_WARN_UNINITIALIZED_AUTOS = YES_AGGRESSIVE;
				GCC_WARN_UNUSED_FUNCTION = YES;
				GCC_WARN_UNUSED_VARIABLE = YES;
				IPHONEOS_DEPLOYMENT_TARGET = 10.1;
				MTL_ENABLE_DEBUG_INFO = YES;
				ONLY_ACTIVE_ARCH = YES;
				SDKROOT = iphoneos;
				SWIFT_ACTIVE_COMPILATION_CONDITIONS = DEBUG;
				SWIFT_OPTIMIZATION_LEVEL = "-Onone";
				TARGETED_DEVICE_FAMILY = "1,2";
			};
			name = Debug;
		};
		AD4E249E1DF62E8400DFAFBF /* Release */ = {
			isa = XCBuildConfiguration;
			buildSettings = {
				ALWAYS_SEARCH_USER_PATHS = NO;
				CLANG_ANALYZER_NONNULL = YES;
				CLANG_CXX_LANGUAGE_STANDARD = "gnu++0x";
				CLANG_CXX_LIBRARY = "libc++";
				CLANG_ENABLE_MODULES = YES;
				CLANG_ENABLE_OBJC_ARC = YES;
				CLANG_WARN_BOOL_CONVERSION = YES;
				CLANG_WARN_CONSTANT_CONVERSION = YES;
				CLANG_WARN_DIRECT_OBJC_ISA_USAGE = YES_ERROR;
				CLANG_WARN_DOCUMENTATION_COMMENTS = YES;
				CLANG_WARN_EMPTY_BODY = YES;
				CLANG_WARN_ENUM_CONVERSION = YES;
				CLANG_WARN_INFINITE_RECURSION = YES;
				CLANG_WARN_INT_CONVERSION = YES;
				CLANG_WARN_OBJC_ROOT_CLASS = YES_ERROR;
				CLANG_WARN_SUSPICIOUS_MOVES = YES;
				CLANG_WARN_UNREACHABLE_CODE = YES;
				CLANG_WARN__DUPLICATE_METHOD_MATCH = YES;
				"CODE_SIGN_IDENTITY[sdk=iphoneos*]" = "iPhone Developer";
				COPY_PHASE_STRIP = NO;
				DEBUG_INFORMATION_FORMAT = "dwarf-with-dsym";
				ENABLE_NS_ASSERTIONS = NO;
				ENABLE_STRICT_OBJC_MSGSEND = YES;
				GCC_C_LANGUAGE_STANDARD = gnu99;
				GCC_NO_COMMON_BLOCKS = YES;
				GCC_WARN_64_TO_32_BIT_CONVERSION = YES;
				GCC_WARN_ABOUT_RETURN_TYPE = YES_ERROR;
				GCC_WARN_UNDECLARED_SELECTOR = YES;
				GCC_WARN_UNINITIALIZED_AUTOS = YES_AGGRESSIVE;
				GCC_WARN_UNUSED_FUNCTION = YES;
				GCC_WARN_UNUSED_VARIABLE = YES;
				IPHONEOS_DEPLOYMENT_TARGET = 10.1;
				MTL_ENABLE_DEBUG_INFO = NO;
				SDKROOT = iphoneos;
				SWIFT_OPTIMIZATION_LEVEL = "-Owholemodule";
				TARGETED_DEVICE_FAMILY = "1,2";
				VALIDATE_PRODUCT = YES;
			};
			name = Release;
		};
		AD4E24A01DF62E8400DFAFBF /* Debug */ = {
			isa = XCBuildConfiguration;
			buildSettings = {
				ASSETCATALOG_COMPILER_APPICON_NAME = AppIcon;
				DEVELOPMENT_TEAM = 65ZG85MDA4;
				INFOPLIST_FILE = SaveTheKittens/Info.plist;
				LD_RUNPATH_SEARCH_PATHS = "$(inherited) @executable_path/Frameworks";
				PRODUCT_BUNDLE_IDENTIFIER = com.v4nn1.SaveTheKittens;
				PRODUCT_NAME = "$(TARGET_NAME)";
				SWIFT_VERSION = 3.0;
			};
			name = Debug;
		};
		AD4E24A11DF62E8400DFAFBF /* Release */ = {
			isa = XCBuildConfiguration;
			buildSettings = {
				ASSETCATALOG_COMPILER_APPICON_NAME = AppIcon;
				DEVELOPMENT_TEAM = 65ZG85MDA4;
				INFOPLIST_FILE = SaveTheKittens/Info.plist;
				LD_RUNPATH_SEARCH_PATHS = "$(inherited) @executable_path/Frameworks";
				PRODUCT_BUNDLE_IDENTIFIER = com.v4nn1.SaveTheKittens;
				PRODUCT_NAME = "$(TARGET_NAME)";
				SWIFT_VERSION = 3.0;
			};
			name = Release;
		};
/* End XCBuildConfiguration section */

/* Begin XCConfigurationList section */
		AD4E24881DF62E8400DFAFBF /* Build configuration list for PBXProject "SaveTheKittens" */ = {
			isa = XCConfigurationList;
			buildConfigurations = (
				AD4E249D1DF62E8400DFAFBF /* Debug */,
				AD4E249E1DF62E8400DFAFBF /* Release */,
			);
			defaultConfigurationIsVisible = 0;
			defaultConfigurationName = Release;
		};
		AD4E249F1DF62E8400DFAFBF /* Build configuration list for PBXNativeTarget "SaveTheKittens" */ = {
			isa = XCConfigurationList;
			buildConfigurations = (
				AD4E24A01DF62E8400DFAFBF /* Debug */,
				AD4E24A11DF62E8400DFAFBF /* Release */,
			);
			defaultConfigurationIsVisible = 0;
		};
/* End XCConfigurationList section */
	};
	rootObject = AD4E24851DF62E8400DFAFBF /* Project object */;
}
